
Microsoft Visual Studio Solution File, Format Version 12.00
# Visual Studio Version 17
VisualStudioVersion = 17.2.32526.322
MinimumVisualStudioVersion = 10.0.40219.1
Project("{FAE04EC0-301F-11D3-BF4B-00C04F79EFBC}") = "ZooZoo", "ZooZoo\ZooZoo.csproj", "{2BB0D2C8-A120-4E42-A529-12535F09E5D8}"
EndProject
Global
	GlobalSection(SolutionConfigurationPlatforms) = preSolution
		Debug|Any CPU = Debug|Any CPU
		Release|Any CPU = Release|Any CPU
	EndGlobalSection
	GlobalSection(ProjectConfigurationPlatforms) = postSolution
		{2BB0D2C8-A120-4E42-A529-12535F09E5D8}.Debug|Any CPU.ActiveCfg = Debug|Any CPU
		{2BB0D2C8-A120-4E42-A529-12535F09E5D8}.Debug|Any CPU.Build.0 = Debug|Any CPU
		{2BB0D2C8-A120-4E42-A529-12535F09E5D8}.Release|Any CPU.ActiveCfg = Release|Any CPU
		{2BB0D2C8-A120-4E42-A529-12535F09E5D8}.Release|Any CPU.Build.0 = Release|Any CPU
	EndGlobalSection
	GlobalSection(SolutionProperties) = preSolution
		HideSolutionNode = FALSE
	EndGlobalSection
	GlobalSection(ExtensibilityGlobals) = postSolution
		SolutionGuid = {3F697EEA-85E8-4BF6-8E57-B7DC8F03A16E}
	EndGlobalSection
EndGlobal
